
Microsoft Visual Studio Solution File, Format Version 12.00
# Visual Studio Version 17
VisualStudioVersion = 17.4.33103.184
MinimumVisualStudioVersion = 10.0.40219.1
Project("{FAE04EC0-301F-11D3-BF4B-00C04F79EFBC}") = "bookApi", "bookApi.csproj", "{22EB8346-BC12-4EB8-ABEA-730B44AF5FC8}"
EndProject
Global
	GlobalSection(SolutionConfigurationPlatforms) = preSolution
		Debug|Any CPU = Debug|Any CPU
		Release|Any CPU = Release|Any CPU
	EndGlobalSection
	GlobalSection(ProjectConfigurationPlatforms) = postSolution
		{22EB8346-BC12-4EB8-ABEA-730B44AF5FC8}.Debug|Any CPU.ActiveCfg = Debug|Any CPU
		{22EB8346-BC12-4EB8-ABEA-730B44AF5FC8}.Debug|Any CPU.Build.0 = Debug|Any CPU
		{22EB8346-BC12-4EB8-ABEA-730B44AF5FC8}.Release|Any CPU.ActiveCfg = Release|Any CPU
		{22EB8346-BC12-4EB8-ABEA-730B44AF5FC8}.Release|Any CPU.Build.0 = Release|Any CPU
	EndGlobalSection
	GlobalSection(SolutionProperties) = preSolution
		HideSolutionNode = FALSE
	EndGlobalSection
	GlobalSection(ExtensibilityGlobals) = postSolution
		SolutionGuid = {569CA39E-6977-4227-8B93-B1FECB2CB1B6}
	EndGlobalSection
EndGlobal
